// !$*UTF8*$!
{
	archiveVersion = 1;
	classes = {
	};
	objectVersion = 48;
	objects = {

/* Begin PBXBuildFile section */
		C00EFF002094C6FE00F64FE1 /* LogInViewController.swift in Sources */ = {isa = PBXBuildFile; fileRef = C00EFEFF2094C6FE00F64FE1 /* LogInViewController.swift */; };
		C0118C452074573F004F3375 /* SessionsViewController.swift in Sources */ = {isa = PBXBuildFile; fileRef = C0118C442074573F004F3375 /* SessionsViewController.swift */; };
		C0118C4B2076C5EB004F3375 /* EditProfileViewController.swift in Sources */ = {isa = PBXBuildFile; fileRef = C0118C4A2076C5EB004F3375 /* EditProfileViewController.swift */; };
		C0118C4D2077CA58004F3375 /* User.swift in Sources */ = {isa = PBXBuildFile; fileRef = C0118C4C2077CA58004F3375 /* User.swift */; };
		C037E821207AEE0400788ABC /* Session.swift in Sources */ = {isa = PBXBuildFile; fileRef = C037E820207AEE0400788ABC /* Session.swift */; };
		C04B01DA20939BEB00B8EE29 /* Assets.xcassets in Resources */ = {isa = PBXBuildFile; fileRef = C04B01D920939BEB00B8EE29 /* Assets.xcassets */; };
		C04FFC44208BFA79005C4ED1 /* CreateProfileViewController.swift in Sources */ = {isa = PBXBuildFile; fileRef = C04FFC43208BFA79005C4ED1 /* CreateProfileViewController.swift */; };
		C07772E02073016E00EA6759 /* AppDelegate.swift in Sources */ = {isa = PBXBuildFile; fileRef = C07772DF2073016E00EA6759 /* AppDelegate.swift */; };
		C07772E52073016E00EA6759 /* Main.storyboard in Resources */ = {isa = PBXBuildFile; fileRef = C07772E32073016E00EA6759 /* Main.storyboard */; };
		C07772E82073016E00EA6759 /* Momentify.xcdatamodeld in Sources */ = {isa = PBXBuildFile; fileRef = C07772E62073016E00EA6759 /* Momentify.xcdatamodeld */; };
		C07772ED2073016E00EA6759 /* LaunchScreen.storyboard in Resources */ = {isa = PBXBuildFile; fileRef = C07772EB2073016E00EA6759 /* LaunchScreen.storyboard */; };
		C07772FC20730FDC00EA6759 /* GoogleService-Info.plist in Resources */ = {isa = PBXBuildFile; fileRef = C07772FB20730FDB00EA6759 /* GoogleService-Info.plist */; };
		C07772FE207311C100EA6759 /* Bolts.framework in Frameworks */ = {isa = PBXBuildFile; fileRef = C07772FD207311C100EA6759 /* Bolts.framework */; };
		C0777300207311E000EA6759 /* FBSDKCoreKit.framework in Frameworks */ = {isa = PBXBuildFile; fileRef = C07772FF207311E000EA6759 /* FBSDKCoreKit.framework */; };
		C0777302207311EE00EA6759 /* FBSDKLoginKit.framework in Frameworks */ = {isa = PBXBuildFile; fileRef = C0777301207311EE00EA6759 /* FBSDKLoginKit.framework */; };
		C0777304207311FD00EA6759 /* FBSDKShareKit.framework in Frameworks */ = {isa = PBXBuildFile; fileRef = C0777303207311FD00EA6759 /* FBSDKShareKit.framework */; };
		C07773062073131600EA6759 /* FacebookSDKs-iOS-4 in Frameworks */ = {isa = PBXBuildFile; fileRef = C07773052073131600EA6759 /* FacebookSDKs-iOS-4 */; };
		C077731020742C9B00EA6759 /* FilterViewController.swift in Sources */ = {isa = PBXBuildFile; fileRef = C077730F20742C9B00EA6759 /* FilterViewController.swift */; };
		C077731220742CB300EA6759 /* ProfileViewController.swift in Sources */ = {isa = PBXBuildFile; fileRef = C077731120742CB300EA6759 /* ProfileViewController.swift */; };
		C077731420742CD100EA6759 /* CreateSessionViewController.swift in Sources */ = {isa = PBXBuildFile; fileRef = C077731320742CD100EA6759 /* CreateSessionViewController.swift */; };
		C0A5754C2094A5E700FEF60B /* SignUpOrLogInViewController.swift in Sources */ = {isa = PBXBuildFile; fileRef = C0A5754B2094A5E700FEF60B /* SignUpOrLogInViewController.swift */; };
		C0A5754E2094C27E00FEF60B /* SignUpViewController.swift in Sources */ = {isa = PBXBuildFile; fileRef = C0A5754D2094C27E00FEF60B /* SignUpViewController.swift */; };
		C0BCB661209263A200D2D8EC /* SessionCellTableViewCell.swift in Sources */ = {isa = PBXBuildFile; fileRef = C0BCB65F209263A200D2D8EC /* SessionCellTableViewCell.swift */; };
		C0BCB662209263A200D2D8EC /* SessionCellTableViewCell.xib in Resources */ = {isa = PBXBuildFile; fileRef = C0BCB660209263A200D2D8EC /* SessionCellTableViewCell.xib */; };
		C0BCB66520935C3600D2D8EC /* Nexa Light.otf in Resources */ = {isa = PBXBuildFile; fileRef = C0BCB66320935C3600D2D8EC /* Nexa Light.otf */; };
		C0BCB66620935C3600D2D8EC /* Nexa Bold.otf in Resources */ = {isa = PBXBuildFile; fileRef = C0BCB66420935C3600D2D8EC /* Nexa Bold.otf */; };
		C0C9A817207E548C0036FC12 /* SessionAttendees.swift in Sources */ = {isa = PBXBuildFile; fileRef = C0C9A816207E548C0036FC12 /* SessionAttendees.swift */; };
		C0F1CB88214C20ED003CC421 /* Maax Rounded.otf in Resources */ = {isa = PBXBuildFile; fileRef = C0F1CB87214C20ED003CC421 /* Maax Rounded.otf */; };
		C0F1CB92214C23EA003CC421 /* maax-bold-webfont.ttf in Resources */ = {isa = PBXBuildFile; fileRef = C0F1CB89214C23DD003CC421 /* maax-bold-webfont.ttf */; };
		C0F1CB93214C23EA003CC421 /* maax-bolditalic-webfont.ttf in Resources */ = {isa = PBXBuildFile; fileRef = C0F1CB8A214C23DE003CC421 /* maax-bolditalic-webfont.ttf */; };
		C0F1CB94214C23EA003CC421 /* Maax-Medium.ttf in Resources */ = {isa = PBXBuildFile; fileRef = C0F1CB8B214C23E0003CC421 /* Maax-Medium.ttf */; };
		C0F1CB95214C23EA003CC421 /* maax-webfont.ttf in Resources */ = {isa = PBXBuildFile; fileRef = C0F1CB8C214C23E1003CC421 /* maax-webfont.ttf */; };
		C0F1CB96214C23EA003CC421 /* Maax-Bold.ttf in Resources */ = {isa = PBXBuildFile; fileRef = C0F1CB8D214C23E2003CC421 /* Maax-Bold.ttf */; };
		C0F1CB97214C23EA003CC421 /* hinted-Maax.ttf in Resources */ = {isa = PBXBuildFile; fileRef = C0F1CB8E214C23E4003CC421 /* hinted-Maax.ttf */; };
		C0F1CB98214C23EA003CC421 /* Maax-RegularMono.ttf in Resources */ = {isa = PBXBuildFile; fileRef = C0F1CB8F214C23E5003CC421 /* Maax-RegularMono.ttf */; };
		C0F1CB99214C23EA003CC421 /* maax-medium-webfont.ttf in Resources */ = {isa = PBXBuildFile; fileRef = C0F1CB90214C23E7003CC421 /* maax-medium-webfont.ttf */; };
		C0F1CB9A214C23EA003CC421 /* Maax.ttf in Resources */ = {isa = PBXBuildFile; fileRef = C0F1CB91214C23E8003CC421 /* Maax.ttf */; };
		DFFE347278A3CD5A1F526EA6 /* Pods_Momentify.framework in Frameworks */ = {isa = PBXBuildFile; fileRef = 3E8660DFDCEDBDC97252D0D2 /* Pods_Momentify.framework */; };
/* End PBXBuildFile section */

/* Begin PBXFileReference section */
		253E0D3793C9A9C0BCB58947 /* Pods-Momentify.release.xcconfig */ = {isa = PBXFileReference; includeInIndex = 1; lastKnownFileType = text.xcconfig; name = "Pods-Momentify.release.xcconfig"; path = "Pods/Target Support Files/Pods-Momentify/Pods-Momentify.release.xcconfig"; sourceTree = "<group>"; };
		3E8660DFDCEDBDC97252D0D2 /* Pods_Momentify.framework */ = {isa = PBXFileReference; explicitFileType = wrapper.framework; includeInIndex = 0; path = Pods_Momentify.framework; sourceTree = BUILT_PRODUCTS_DIR; };
		5599DA7F6E4238EA61E2332F /* Pods-Momentify.debug.xcconfig */ = {isa = PBXFileReference; includeInIndex = 1; lastKnownFileType = text.xcconfig; name = "Pods-Momentify.debug.xcconfig"; path = "Pods/Target Support Files/Pods-Momentify/Pods-Momentify.debug.xcconfig"; sourceTree = "<group>"; };
		C00EFEFF2094C6FE00F64FE1 /* LogInViewController.swift */ = {isa = PBXFileReference; lastKnownFileType = sourcecode.swift; path = LogInViewController.swift; sourceTree = "<group>"; };
		C0118C442074573F004F3375 /* SessionsViewController.swift */ = {isa = PBXFileReference; lastKnownFileType = sourcecode.swift; path = SessionsViewController.swift; sourceTree = "<group>"; };
		C0118C4A2076C5EB004F3375 /* EditProfileViewController.swift */ = {isa = PBXFileReference; lastKnownFileType = sourcecode.swift; path = EditProfileViewController.swift; sourceTree = "<group>"; };
		C0118C4C2077CA58004F3375 /* User.swift */ = {isa = PBXFileReference; lastKnownFileType = sourcecode.swift; path = User.swift; sourceTree = "<group>"; };
		C037E820207AEE0400788ABC /* Session.swift */ = {isa = PBXFileReference; lastKnownFileType = sourcecode.swift; path = Session.swift; sourceTree = "<group>"; };
		C04B01D920939BEB00B8EE29 /* Assets.xcassets */ = {isa = PBXFileReference; lastKnownFileType = folder.assetcatalog; path = Assets.xcassets; sourceTree = "<group>"; };
		C04FFC43208BFA79005C4ED1 /* CreateProfileViewController.swift */ = {isa = PBXFileReference; lastKnownFileType = sourcecode.swift; path = CreateProfileViewController.swift; sourceTree = "<group>"; };
		C07772DC2073016E00EA6759 /* Momentify.app */ = {isa = PBXFileReference; explicitFileType = wrapper.application; includeInIndex = 0; path = Momentify.app; sourceTree = BUILT_PRODUCTS_DIR; };
		C07772DF2073016E00EA6759 /* AppDelegate.swift */ = {isa = PBXFileReference; lastKnownFileType = sourcecode.swift; path = AppDelegate.swift; sourceTree = "<group>"; };
		C07772E42073016E00EA6759 /* Base */ = {isa = PBXFileReference; lastKnownFileType = file.storyboard; name = Base; path = Base.lproj/Main.storyboard; sourceTree = "<group>"; };
		C07772E72073016E00EA6759 /* Momentify.xcdatamodel */ = {isa = PBXFileReference; lastKnownFileType = wrapper.xcdatamodel; path = Momentify.xcdatamodel; sourceTree = "<group>"; };
		C07772EC2073016E00EA6759 /* Base */ = {isa = PBXFileReference; lastKnownFileType = file.storyboard; name = Base; path = Base.lproj/LaunchScreen.storyboard; sourceTree = "<group>"; };
		C07772EE2073016E00EA6759 /* Info.plist */ = {isa = PBXFileReference; lastKnownFileType = text.plist.xml; path = Info.plist; sourceTree = "<group>"; };
		C07772FB20730FDB00EA6759 /* GoogleService-Info.plist */ = {isa = PBXFileReference; fileEncoding = 4; lastKnownFileType = text.plist.xml; path = "GoogleService-Info.plist"; sourceTree = "<group>"; };
		C07772FD207311C100EA6759 /* Bolts.framework */ = {isa = PBXFileReference; lastKnownFileType = wrapper.framework; path = Bolts.framework; sourceTree = "<group>"; };
		C07772FF207311E000EA6759 /* FBSDKCoreKit.framework */ = {isa = PBXFileReference; lastKnownFileType = wrapper.framework; path = FBSDKCoreKit.framework; sourceTree = "<group>"; };
		C0777301207311EE00EA6759 /* FBSDKLoginKit.framework */ = {isa = PBXFileReference; lastKnownFileType = wrapper.framework; path = FBSDKLoginKit.framework; sourceTree = "<group>"; };
		C0777303207311FD00EA6759 /* FBSDKShareKit.framework */ = {isa = PBXFileReference; lastKnownFileType = wrapper.framework; path = FBSDKShareKit.framework; sourceTree = "<group>"; };
		C07773052073131600EA6759 /* FacebookSDKs-iOS-4 */ = {isa = PBXFileReference; lastKnownFileType = folder; name = "FacebookSDKs-iOS-4"; path = "../../../Documents/FacebookSDKs-iOS-4"; sourceTree = "<group>"; };
		C077730720731EA800EA6759 /* Momentify-Bridging-Header.h */ = {isa = PBXFileReference; lastKnownFileType = sourcecode.c.h; path = "Momentify-Bridging-Header.h"; sourceTree = "<group>"; };
		C077730F20742C9B00EA6759 /* FilterViewController.swift */ = {isa = PBXFileReference; lastKnownFileType = sourcecode.swift; path = FilterViewController.swift; sourceTree = "<group>"; };
		C077731120742CB300EA6759 /* ProfileViewController.swift */ = {isa = PBXFileReference; lastKnownFileType = sourcecode.swift; path = ProfileViewController.swift; sourceTree = "<group>"; };
		C077731320742CD100EA6759 /* CreateSessionViewController.swift */ = {isa = PBXFileReference; lastKnownFileType = sourcecode.swift; path = CreateSessionViewController.swift; sourceTree = "<group>"; };
		C0A5754B2094A5E700FEF60B /* SignUpOrLogInViewController.swift */ = {isa = PBXFileReference; lastKnownFileType = sourcecode.swift; path = SignUpOrLogInViewController.swift; sourceTree = "<group>"; };
		C0A5754D2094C27E00FEF60B /* SignUpViewController.swift */ = {isa = PBXFileReference; lastKnownFileType = sourcecode.swift; name = SignUpViewController.swift; path = Momentify/Controller/SignUpViewController.swift; sourceTree = SOURCE_ROOT; };
		C0BCB65F209263A200D2D8EC /* SessionCellTableViewCell.swift */ = {isa = PBXFileReference; lastKnownFileType = sourcecode.swift; path = SessionCellTableViewCell.swift; sourceTree = "<group>"; };
		C0BCB660209263A200D2D8EC /* SessionCellTableViewCell.xib */ = {isa = PBXFileReference; lastKnownFileType = file.xib; path = SessionCellTableViewCell.xib; sourceTree = "<group>"; };
		C0BCB66320935C3600D2D8EC /* Nexa Light.otf */ = {isa = PBXFileReference; lastKnownFileType = file; name = "Nexa Light.otf"; path = "../../../Downloads/nexa/Nexa Light.otf"; sourceTree = "<group>"; };
		C0BCB66420935C3600D2D8EC /* Nexa Bold.otf */ = {isa = PBXFileReference; lastKnownFileType = file; name = "Nexa Bold.otf"; path = "../../../Downloads/nexa/Nexa Bold.otf"; sourceTree = "<group>"; };
		C0BCB66820935F1800D2D8EC /* Nexa Light.otf */ = {isa = PBXFileReference; lastKnownFileType = file; path = "Nexa Light.otf"; sourceTree = "<group>"; };
		C0BCB66920935F1900D2D8EC /* Nexa Bold.otf */ = {isa = PBXFileReference; lastKnownFileType = file; path = "Nexa Bold.otf"; sourceTree = "<group>"; };
		C0C9A816207E548C0036FC12 /* SessionAttendees.swift */ = {isa = PBXFileReference; lastKnownFileType = sourcecode.swift; path = SessionAttendees.swift; sourceTree = "<group>"; };
		C0F1CB87214C20ED003CC421 /* Maax Rounded.otf */ = {isa = PBXFileReference; lastKnownFileType = file; name = "Maax Rounded.otf"; path = "../../../Downloads/maax/Maax Rounded.otf"; sourceTree = "<group>"; };
		C0F1CB89214C23DD003CC421 /* maax-bold-webfont.ttf */ = {isa = PBXFileReference; lastKnownFileType = file; name = "maax-bold-webfont.ttf"; path = "../../../../Downloads/maax/maax-bold-webfont.ttf"; sourceTree = "<group>"; };
		C0F1CB8A214C23DE003CC421 /* maax-bolditalic-webfont.ttf */ = {isa = PBXFileReference; lastKnownFileType = file; name = "maax-bolditalic-webfont.ttf"; path = "../../../../Downloads/maax/maax-bolditalic-webfont.ttf"; sourceTree = "<group>"; };
		C0F1CB8B214C23E0003CC421 /* Maax-Medium.ttf */ = {isa = PBXFileReference; lastKnownFileType = file; name = "Maax-Medium.ttf"; path = "../../../../Downloads/maax/Maax-Medium.ttf"; sourceTree = "<group>"; };
		C0F1CB8C214C23E1003CC421 /* maax-webfont.ttf */ = {isa = PBXFileReference; lastKnownFileType = file; name = "maax-webfont.ttf"; path = "../../../../Downloads/maax/maax-webfont.ttf"; sourceTree = "<group>"; };
		C0F1CB8D214C23E2003CC421 /* Maax-Bold.ttf */ = {isa = PBXFileReference; lastKnownFileType = file; name = "Maax-Bold.ttf"; path = "../../../../Downloads/maax/Maax-Bold.ttf"; sourceTree = "<group>"; };
		C0F1CB8E214C23E4003CC421 /* hinted-Maax.ttf */ = {isa = PBXFileReference; lastKnownFileType = file; name = "hinted-Maax.ttf"; path = "../../../../Downloads/maax/hinted-Maax.ttf"; sourceTree = "<group>"; };
		C0F1CB8F214C23E5003CC421 /* Maax-RegularMono.ttf */ = {isa = PBXFileReference; lastKnownFileType = file; name = "Maax-RegularMono.ttf"; path = "../../../../Downloads/maax/Maax-RegularMono.ttf"; sourceTree = "<group>"; };
		C0F1CB90214C23E7003CC421 /* maax-medium-webfont.ttf */ = {isa = PBXFileReference; lastKnownFileType = file; name = "maax-medium-webfont.ttf"; path = "../../../../Downloads/maax/maax-medium-webfont.ttf"; sourceTree = "<group>"; };
		C0F1CB91214C23E8003CC421 /* Maax.ttf */ = {isa = PBXFileReference; lastKnownFileType = file; name = Maax.ttf; path = ../../../../Downloads/maax/Maax.ttf; sourceTree = "<group>"; };
/* End PBXFileReference section */

/* Begin PBXFrameworksBuildPhase section */
		C07772D92073016E00EA6759 /* Frameworks */ = {
			isa = PBXFrameworksBuildPhase;
			buildActionMask = 2147483647;
			files = (
				C07773062073131600EA6759 /* FacebookSDKs-iOS-4 in Frameworks */,
				DFFE347278A3CD5A1F526EA6 /* Pods_Momentify.framework in Frameworks */,
				C0777300207311E000EA6759 /* FBSDKCoreKit.framework in Frameworks */,
				C0777304207311FD00EA6759 /* FBSDKShareKit.framework in Frameworks */,
				C0777302207311EE00EA6759 /* FBSDKLoginKit.framework in Frameworks */,
				C07772FE207311C100EA6759 /* Bolts.framework in Frameworks */,
			);
			runOnlyForDeploymentPostprocessing = 0;
		};
/* End PBXFrameworksBuildPhase section */

/* Begin PBXGroup section */
		0616D726D37247B81C050D7A /* Frameworks */ = {
			isa = PBXGroup;
			children = (
				C07773052073131600EA6759 /* FacebookSDKs-iOS-4 */,
				C0777303207311FD00EA6759 /* FBSDKShareKit.framework */,
				C0777301207311EE00EA6759 /* FBSDKLoginKit.framework */,
				C07772FF207311E000EA6759 /* FBSDKCoreKit.framework */,
				C07772FD207311C100EA6759 /* Bolts.framework */,
				3E8660DFDCEDBDC97252D0D2 /* Pods_Momentify.framework */,
			);
			name = Frameworks;
			sourceTree = "<group>";
		};
		C07772D32073016E00EA6759 = {
			isa = PBXGroup;
			children = (
				C04B01D920939BEB00B8EE29 /* Assets.xcassets */,
				C07772FB20730FDB00EA6759 /* GoogleService-Info.plist */,
				C07772DE2073016E00EA6759 /* Momentify */,
				C07772FA207306FC00EA6759 /* Supporting Files */,
				C07772DD2073016E00EA6759 /* Products */,
				D235D13FC0A7B0E524A14098 /* Pods */,
				0616D726D37247B81C050D7A /* Frameworks */,
			);
			sourceTree = "<group>";
		};
		C07772DD2073016E00EA6759 /* Products */ = {
			isa = PBXGroup;
			children = (
				C07772DC2073016E00EA6759 /* Momentify.app */,
			);
			name = Products;
			sourceTree = "<group>";
		};
		C07772DE2073016E00EA6759 /* Momentify */ = {
			isa = PBXGroup;
			children = (
				C07772F9207306F500EA6759 /* Model */,
				C07772F6207306BA00EA6759 /* View */,
				C07772F8207306D700EA6759 /* Controller */,
				C07772E62073016E00EA6759 /* Momentify.xcdatamodeld */,
				C077730720731EA800EA6759 /* Momentify-Bridging-Header.h */,
			);
			path = Momentify;
			sourceTree = "<group>";
		};
		C07772F6207306BA00EA6759 /* View */ = {
			isa = PBXGroup;
			children = (
				C0F1CB87214C20ED003CC421 /* Maax Rounded.otf */,
				C0BCB66420935C3600D2D8EC /* Nexa Bold.otf */,
				C0BCB66320935C3600D2D8EC /* Nexa Light.otf */,
				C0BCB66720935F0E00D2D8EC /* Fonts */,
				C07772EB2073016E00EA6759 /* LaunchScreen.storyboard */,
				C07772E32073016E00EA6759 /* Main.storyboard */,
				C0BCB660209263A200D2D8EC /* SessionCellTableViewCell.xib */,
			);
			path = View;
			sourceTree = "<group>";
		};
		C07772F8207306D700EA6759 /* Controller */ = {
			isa = PBXGroup;
			children = (
				C07772DF2073016E00EA6759 /* AppDelegate.swift */,
				C0A5754B2094A5E700FEF60B /* SignUpOrLogInViewController.swift */,
				C0A5754D2094C27E00FEF60B /* SignUpViewController.swift */,
				C00EFEFF2094C6FE00F64FE1 /* LogInViewController.swift */,
				C04FFC43208BFA79005C4ED1 /* CreateProfileViewController.swift */,
				C0118C442074573F004F3375 /* SessionsViewController.swift */,
				C0BCB65F209263A200D2D8EC /* SessionCellTableViewCell.swift */,
				C077730F20742C9B00EA6759 /* FilterViewController.swift */,
				C077731120742CB300EA6759 /* ProfileViewController.swift */,
				C0118C4A2076C5EB004F3375 /* EditProfileViewController.swift */,
				C077731320742CD100EA6759 /* CreateSessionViewController.swift */,
			);
			path = Controller;
			sourceTree = "<group>";
		};
		C07772F9207306F500EA6759 /* Model */ = {
			isa = PBXGroup;
			children = (
				C0118C4C2077CA58004F3375 /* User.swift */,
				C037E820207AEE0400788ABC /* Session.swift */,
				C0C9A816207E548C0036FC12 /* SessionAttendees.swift */,
			);
			path = Model;
			sourceTree = "<group>";
		};
		C07772FA207306FC00EA6759 /* Supporting Files */ = {
			isa = PBXGroup;
			children = (
				C07772EE2073016E00EA6759 /* Info.plist */,
			);
			path = "Supporting Files";
			sourceTree = "<group>";
		};
		C0BCB66720935F0E00D2D8EC /* Fonts */ = {
			isa = PBXGroup;
			children = (
				C0F1CB8E214C23E4003CC421 /* hinted-Maax.ttf */,
				C0F1CB89214C23DD003CC421 /* maax-bold-webfont.ttf */,
				C0F1CB8D214C23E2003CC421 /* Maax-Bold.ttf */,
				C0F1CB8A214C23DE003CC421 /* maax-bolditalic-webfont.ttf */,
				C0F1CB90214C23E7003CC421 /* maax-medium-webfont.ttf */,
				C0F1CB8B214C23E0003CC421 /* Maax-Medium.ttf */,
				C0F1CB8F214C23E5003CC421 /* Maax-RegularMono.ttf */,
				C0F1CB8C214C23E1003CC421 /* maax-webfont.ttf */,
				C0F1CB91214C23E8003CC421 /* Maax.ttf */,
				C0BCB66920935F1900D2D8EC /* Nexa Bold.otf */,
				C0BCB66820935F1800D2D8EC /* Nexa Light.otf */,
			);
			path = Fonts;
			sourceTree = "<group>";
		};
		D235D13FC0A7B0E524A14098 /* Pods */ = {
			isa = PBXGroup;
			children = (
				5599DA7F6E4238EA61E2332F /* Pods-Momentify.debug.xcconfig */,
				253E0D3793C9A9C0BCB58947 /* Pods-Momentify.release.xcconfig */,
			);
			name = Pods;
			sourceTree = "<group>";
		};
/* End PBXGroup section */

/* Begin PBXNativeTarget section */
		C07772DB2073016E00EA6759 /* Momentify */ = {
			isa = PBXNativeTarget;
			buildConfigurationList = C07772F12073016E00EA6759 /* Build configuration list for PBXNativeTarget "Momentify" */;
			buildPhases = (
				D5C526DF5CD5717ED19725FE /* [CP] Check Pods Manifest.lock */,
				C07772D82073016E00EA6759 /* Sources */,
				C07772D92073016E00EA6759 /* Frameworks */,
				C07772DA2073016E00EA6759 /* Resources */,
				D95AD744225360E8D9C858EA /* [CP] Embed Pods Frameworks */,
				F08EF81FE80E2C709201F055 /* [CP] Copy Pods Resources */,
			);
			buildRules = (
			);
			dependencies = (
			);
			name = Momentify;
			productName = Momentify;
			productReference = C07772DC2073016E00EA6759 /* Momentify.app */;
			productType = "com.apple.product-type.application";
		};
/* End PBXNativeTarget section */

/* Begin PBXProject section */
		C07772D42073016E00EA6759 /* Project object */ = {
			isa = PBXProject;
			attributes = {
				LastSwiftUpdateCheck = 0920;
				LastUpgradeCheck = 0920;
				ORGANIZATIONNAME = "Alexandre Labrecque";
				TargetAttributes = {
					C07772DB2073016E00EA6759 = {
						CreatedOnToolsVersion = 9.2;
						LastSwiftMigration = 0920;
						ProvisioningStyle = Automatic;
					};
				};
			};
			buildConfigurationList = C07772D72073016E00EA6759 /* Build configuration list for PBXProject "Momentify" */;
			compatibilityVersion = "Xcode 8.0";
			developmentRegion = en;
			hasScannedForEncodings = 0;
			knownRegions = (
				en,
				Base,
			);
			mainGroup = C07772D32073016E00EA6759;
			productRefGroup = C07772DD2073016E00EA6759 /* Products */;
			projectDirPath = "";
			projectRoot = "";
			targets = (
				C07772DB2073016E00EA6759 /* Momentify */,
			);
		};
/* End PBXProject section */

/* Begin PBXResourcesBuildPhase section */
		C07772DA2073016E00EA6759 /* Resources */ = {
			isa = PBXResourcesBuildPhase;
			buildActionMask = 2147483647;
			files = (
				C07772ED2073016E00EA6759 /* LaunchScreen.storyboard in Resources */,
				C0F1CB95214C23EA003CC421 /* maax-webfont.ttf in Resources */,
				C0BCB662209263A200D2D8EC /* SessionCellTableViewCell.xib in Resources */,
				C07772FC20730FDC00EA6759 /* GoogleService-Info.plist in Resources */,
				C07772E52073016E00EA6759 /* Main.storyboard in Resources */,
				C0F1CB98214C23EA003CC421 /* Maax-RegularMono.ttf in Resources */,
				C0F1CB97214C23EA003CC421 /* hinted-Maax.ttf in Resources */,
				C04B01DA20939BEB00B8EE29 /* Assets.xcassets in Resources */,
				C0BCB66520935C3600D2D8EC /* Nexa Light.otf in Resources */,
				C0F1CB93214C23EA003CC421 /* maax-bolditalic-webfont.ttf in Resources */,
				C0F1CB99214C23EA003CC421 /* maax-medium-webfont.ttf in Resources */,
				C0F1CB92214C23EA003CC421 /* maax-bold-webfont.ttf in Resources */,
				C0F1CB94214C23EA003CC421 /* Maax-Medium.ttf in Resources */,
				C0F1CB9A214C23EA003CC421 /* Maax.ttf in Resources */,
				C0BCB66620935C3600D2D8EC /* Nexa Bold.otf in Resources */,
				C0F1CB88214C20ED003CC421 /* Maax Rounded.otf in Resources */,
				C0F1CB96214C23EA003CC421 /* Maax-Bold.ttf in Resources */,
			);
			runOnlyForDeploymentPostprocessing = 0;
		};
/* End PBXResourcesBuildPhase section */

/* Begin PBXShellScriptBuildPhase section */
		D5C526DF5CD5717ED19725FE /* [CP] Check Pods Manifest.lock */ = {
			isa = PBXShellScriptBuildPhase;
			buildActionMask = 2147483647;
			files = (
			);
			inputPaths = (
				"${PODS_PODFILE_DIR_PATH}/Podfile.lock",
				"${PODS_ROOT}/Manifest.lock",
			);
			name = "[CP] Check Pods Manifest.lock";
			outputPaths = (
				"$(DERIVED_FILE_DIR)/Pods-Momentify-checkManifestLockResult.txt",
			);
			runOnlyForDeploymentPostprocessing = 0;
			shellPath = /bin/sh;
			shellScript = "diff \"${PODS_PODFILE_DIR_PATH}/Podfile.lock\" \"${PODS_ROOT}/Manifest.lock\" > /dev/null\nif [ $? != 0 ] ; then\n    # print error to STDERR\n    echo \"error: The sandbox is not in sync with the Podfile.lock. Run 'pod install' or update your CocoaPods installation.\" >&2\n    exit 1\nfi\n# This output is used by Xcode 'outputs' to avoid re-running this script phase.\necho \"SUCCESS\" > \"${SCRIPT_OUTPUT_FILE_0}\"\n";
			showEnvVarsInLog = 0;
		};
		D95AD744225360E8D9C858EA /* [CP] Embed Pods Frameworks */ = {
			isa = PBXShellScriptBuildPhase;
			buildActionMask = 2147483647;
			files = (
			);
			inputPaths = (
				"${SRCROOT}/Pods/Target Support Files/Pods-Momentify/Pods-Momentify-frameworks.sh",
				"${BUILT_PRODUCTS_DIR}/Bolts/Bolts.framework",
				"${BUILT_PRODUCTS_DIR}/ChameleonFramework/ChameleonFramework.framework",
				"${BUILT_PRODUCTS_DIR}/FBSDKCoreKit/FBSDKCoreKit.framework",
				"${BUILT_PRODUCTS_DIR}/FBSDKLoginKit/FBSDKLoginKit.framework",
				"${BUILT_PRODUCTS_DIR}/FBSDKShareKit/FBSDKShareKit.framework",
				"${BUILT_PRODUCTS_DIR}/FacebookCore/FacebookCore.framework",
				"${BUILT_PRODUCTS_DIR}/FacebookLogin/FacebookLogin.framework",
				"${BUILT_PRODUCTS_DIR}/FacebookShare/FacebookShare.framework",
				"${BUILT_PRODUCTS_DIR}/GTMSessionFetcher/GTMSessionFetcher.framework",
				"${BUILT_PRODUCTS_DIR}/GoogleToolboxForMac/GoogleToolboxForMac.framework",
				"${BUILT_PRODUCTS_DIR}/SVProgressHUD/SVProgressHUD.framework",
				"${BUILT_PRODUCTS_DIR}/leveldb-library/leveldb.framework",
				"${BUILT_PRODUCTS_DIR}/nanopb/nanopb.framework",
			);
			name = "[CP] Embed Pods Frameworks";
			outputPaths = (
				"${TARGET_BUILD_DIR}/${FRAMEWORKS_FOLDER_PATH}/Bolts.framework",
				"${TARGET_BUILD_DIR}/${FRAMEWORKS_FOLDER_PATH}/ChameleonFramework.framework",
				"${TARGET_BUILD_DIR}/${FRAMEWORKS_FOLDER_PATH}/FBSDKCoreKit.framework",
				"${TARGET_BUILD_DIR}/${FRAMEWORKS_FOLDER_PATH}/FBSDKLoginKit.framework",
				"${TARGET_BUILD_DIR}/${FRAMEWORKS_FOLDER_PATH}/FBSDKShareKit.framework",
				"${TARGET_BUILD_DIR}/${FRAMEWORKS_FOLDER_PATH}/FacebookCore.framework",
				"${TARGET_BUILD_DIR}/${FRAMEWORKS_FOLDER_PATH}/FacebookLogin.framework",
				"${TARGET_BUILD_DIR}/${FRAMEWORKS_FOLDER_PATH}/FacebookShare.framework",
				"${TARGET_BUILD_DIR}/${FRAMEWORKS_FOLDER_PATH}/GTMSessionFetcher.framework",
				"${TARGET_BUILD_DIR}/${FRAMEWORKS_FOLDER_PATH}/GoogleToolboxForMac.framework",
				"${TARGET_BUILD_DIR}/${FRAMEWORKS_FOLDER_PATH}/SVProgressHUD.framework",
				"${TARGET_BUILD_DIR}/${FRAMEWORKS_FOLDER_PATH}/leveldb.framework",
				"${TARGET_BUILD_DIR}/${FRAMEWORKS_FOLDER_PATH}/nanopb.framework",
			);
			runOnlyForDeploymentPostprocessing = 0;
			shellPath = /bin/sh;
			shellScript = "\"${SRCROOT}/Pods/Target Support Files/Pods-Momentify/Pods-Momentify-frameworks.sh\"\n";
			showEnvVarsInLog = 0;
		};
		F08EF81FE80E2C709201F055 /* [CP] Copy Pods Resources */ = {
			isa = PBXShellScriptBuildPhase;
			buildActionMask = 2147483647;
			files = (
			);
			inputPaths = (
			);
			name = "[CP] Copy Pods Resources";
			outputPaths = (
			);
			runOnlyForDeploymentPostprocessing = 0;
			shellPath = /bin/sh;
			shellScript = "\"${SRCROOT}/Pods/Target Support Files/Pods-Momentify/Pods-Momentify-resources.sh\"\n";
			showEnvVarsInLog = 0;
		};
/* End PBXShellScriptBuildPhase section */

/* Begin PBXSourcesBuildPhase section */
		C07772D82073016E00EA6759 /* Sources */ = {
			isa = PBXSourcesBuildPhase;
			buildActionMask = 2147483647;
			files = (
				C0BCB661209263A200D2D8EC /* SessionCellTableViewCell.swift in Sources */,
				C0C9A817207E548C0036FC12 /* SessionAttendees.swift in Sources */,
				C077731220742CB300EA6759 /* ProfileViewController.swift in Sources */,
				C077731420742CD100EA6759 /* CreateSessionViewController.swift in Sources */,
				C07772E82073016E00EA6759 /* Momentify.xcdatamodeld in Sources */,
				C04FFC44208BFA79005C4ED1 /* CreateProfileViewController.swift in Sources */,
				C0A5754C2094A5E700FEF60B /* SignUpOrLogInViewController.swift in Sources */,
				C07772E02073016E00EA6759 /* AppDelegate.swift in Sources */,
				C0A5754E2094C27E00FEF60B /* SignUpViewController.swift in Sources */,
				C077731020742C9B00EA6759 /* FilterViewController.swift in Sources */,
				C0118C452074573F004F3375 /* SessionsViewController.swift in Sources */,
				C00EFF002094C6FE00F64FE1 /* LogInViewController.swift in Sources */,
				C037E821207AEE0400788ABC /* Session.swift in Sources */,
				C0118C4D2077CA58004F3375 /* User.swift in Sources */,
				C0118C4B2076C5EB004F3375 /* EditProfileViewController.swift in Sources */,
			);
			runOnlyForDeploymentPostprocessing = 0;
		};
/* End PBXSourcesBuildPhase section */

/* Begin PBXVariantGroup section */
		C07772E32073016E00EA6759 /* Main.storyboard */ = {
			isa = PBXVariantGroup;
			children = (
				C07772E42073016E00EA6759 /* Base */,
			);
			name = Main.storyboard;
			sourceTree = "<group>";
		};
		C07772EB2073016E00EA6759 /* LaunchScreen.storyboard */ = {
			isa = PBXVariantGroup;
			children = (
				C07772EC2073016E00EA6759 /* Base */,
			);
			name = LaunchScreen.storyboard;
			sourceTree = "<group>";
		};
/* End PBXVariantGroup section */

/* Begin XCBuildConfiguration section */
		C07772EF2073016E00EA6759 /* Debug */ = {
			isa = XCBuildConfiguration;
			buildSettings = {
				ALWAYS_SEARCH_USER_PATHS = NO;
				ASSETCATALOG_COMPILER_OPTIMIZATION = "";
				CLANG_ANALYZER_NONNULL = YES;
				CLANG_ANALYZER_NUMBER_OBJECT_CONVERSION = YES_AGGRESSIVE;
				CLANG_CXX_LANGUAGE_STANDARD = "gnu++14";
				CLANG_CXX_LIBRARY = "libc++";
				CLANG_ENABLE_MODULES = YES;
				CLANG_ENABLE_OBJC_ARC = YES;
				CLANG_WARN_BLOCK_CAPTURE_AUTORELEASING = YES;
				CLANG_WARN_BOOL_CONVERSION = YES;
				CLANG_WARN_COMMA = YES;
				CLANG_WARN_CONSTANT_CONVERSION = YES;
				CLANG_WARN_DIRECT_OBJC_ISA_USAGE = YES_ERROR;
				CLANG_WARN_DOCUMENTATION_COMMENTS = YES;
				CLANG_WARN_EMPTY_BODY = YES;
				CLANG_WARN_ENUM_CONVERSION = YES;
				CLANG_WARN_INFINITE_RECURSION = YES;
				CLANG_WARN_INT_CONVERSION = YES;
				CLANG_WARN_NON_LITERAL_NULL_CONVERSION = YES;
				CLANG_WARN_OBJC_LITERAL_CONVERSION = YES;
				CLANG_WARN_OBJC_ROOT_CLASS = YES_ERROR;
				CLANG_WARN_RANGE_LOOP_ANALYSIS = YES;
				CLANG_WARN_STRICT_PROTOTYPES = YES;
				CLANG_WARN_SUSPICIOUS_MOVE = YES;
				CLANG_WARN_UNGUARDED_AVAILABILITY = YES_AGGRESSIVE;
				CLANG_WARN_UNREACHABLE_CODE = YES;
				CLANG_WARN__DUPLICATE_METHOD_MATCH = YES;
				CODE_SIGN_IDENTITY = "iPhone Developer";
				COPY_PHASE_STRIP = NO;
				DEBUG_INFORMATION_FORMAT = dwarf;
				ENABLE_STRICT_OBJC_MSGSEND = YES;
				ENABLE_TESTABILITY = YES;
				GCC_C_LANGUAGE_STANDARD = gnu11;
				GCC_DYNAMIC_NO_PIC = NO;
				GCC_NO_COMMON_BLOCKS = YES;
				GCC_OPTIMIZATION_LEVEL = 0;
				GCC_PREPROCESSOR_DEFINITIONS = (
					"DEBUG=1",
					"$(inherited)",
				);
				GCC_WARN_64_TO_32_BIT_CONVERSION = YES;
				GCC_WARN_ABOUT_RETURN_TYPE = YES_ERROR;
				GCC_WARN_UNDECLARED_SELECTOR = YES;
				GCC_WARN_UNINITIALIZED_AUTOS = YES_AGGRESSIVE;
				GCC_WARN_UNUSED_FUNCTION = YES;
				GCC_WARN_UNUSED_VARIABLE = YES;
				IPHONEOS_DEPLOYMENT_TARGET = 11.2;
				MTL_ENABLE_DEBUG_INFO = YES;
				ONLY_ACTIVE_ARCH = YES;
				SDKROOT = iphoneos;
				SWIFT_ACTIVE_COMPILATION_CONDITIONS = DEBUG;
				SWIFT_OPTIMIZATION_LEVEL = "-Onone";
			};
			name = Debug;
		};
		C07772F02073016E00EA6759 /* Release */ = {
			isa = XCBuildConfiguration;
			buildSettings = {
				ALWAYS_SEARCH_USER_PATHS = NO;
				ASSETCATALOG_COMPILER_OPTIMIZATION = "";
				CLANG_ANALYZER_NONNULL = YES;
				CLANG_ANALYZER_NUMBER_OBJECT_CONVERSION = YES_AGGRESSIVE;
				CLANG_CXX_LANGUAGE_STANDARD = "gnu++14";
				CLANG_CXX_LIBRARY = "libc++";
				CLANG_ENABLE_MODULES = YES;
				CLANG_ENABLE_OBJC_ARC = YES;
				CLANG_WARN_BLOCK_CAPTURE_AUTORELEASING = YES;
				CLANG_WARN_BOOL_CONVERSION = YES;
				CLANG_WARN_COMMA = YES;
				CLANG_WARN_CONSTANT_CONVERSION = YES;
				CLANG_WARN_DIRECT_OBJC_ISA_USAGE = YES_ERROR;
				CLANG_WARN_DOCUMENTATION_COMMENTS = YES;
				CLANG_WARN_EMPTY_BODY = YES;
				CLANG_WARN_ENUM_CONVERSION = YES;
				CLANG_WARN_INFINITE_RECURSION = YES;
				CLANG_WARN_INT_CONVERSION = YES;
				CLANG_WARN_NON_LITERAL_NULL_CONVERSION = YES;
				CLANG_WARN_OBJC_LITERAL_CONVERSION = YES;
				CLANG_WARN_OBJC_ROOT_CLASS = YES_ERROR;
				CLANG_WARN_RANGE_LOOP_ANALYSIS = YES;
				CLANG_WARN_STRICT_PROTOTYPES = YES;
				CLANG_WARN_SUSPICIOUS_MOVE = YES;
				CLANG_WARN_UNGUARDED_AVAILABILITY = YES_AGGRESSIVE;
				CLANG_WARN_UNREACHABLE_CODE = YES;
				CLANG_WARN__DUPLICATE_METHOD_MATCH = YES;
				CODE_SIGN_IDENTITY = "iPhone Developer";
				COPY_PHASE_STRIP = NO;
				DEBUG_INFORMATION_FORMAT = "dwarf-with-dsym";
				ENABLE_NS_ASSERTIONS = NO;
				ENABLE_STRICT_OBJC_MSGSEND = YES;
				GCC_C_LANGUAGE_STANDARD = gnu11;
				GCC_NO_COMMON_BLOCKS = YES;
				GCC_WARN_64_TO_32_BIT_CONVERSION = YES;
				GCC_WARN_ABOUT_RETURN_TYPE = YES_ERROR;
				GCC_WARN_UNDECLARED_SELECTOR = YES;
				GCC_WARN_UNINITIALIZED_AUTOS = YES_AGGRESSIVE;
				GCC_WARN_UNUSED_FUNCTION = YES;
				GCC_WARN_UNUSED_VARIABLE = YES;
				IPHONEOS_DEPLOYMENT_TARGET = 11.2;
				MTL_ENABLE_DEBUG_INFO = NO;
				SDKROOT = iphoneos;
				SWIFT_OPTIMIZATION_LEVEL = "-Owholemodule";
				VALIDATE_PRODUCT = YES;
			};
			name = Release;
		};
		C07772F22073016E00EA6759 /* Debug */ = {
			isa = XCBuildConfiguration;
			baseConfigurationReference = 5599DA7F6E4238EA61E2332F /* Pods-Momentify.debug.xcconfig */;
			buildSettings = {
				ASSETCATALOG_COMPILER_APPICON_NAME = AppIcon;
				CLANG_ENABLE_MODULES = YES;
				CODE_SIGN_STYLE = Automatic;
				DEVELOPMENT_TEAM = YP7LSL63WS;
				FRAMEWORK_SEARCH_PATHS = (
					"$(inherited)",
					"$(PROJECT_DIR)",
				);
				INFOPLIST_FILE = "$(SRCROOT)/Supporting Files/Info.plist";
				LD_RUNPATH_SEARCH_PATHS = "$(inherited) @executable_path/Frameworks";
				PRODUCT_BUNDLE_IDENTIFIER = com.labrecque.Momentify;
				PRODUCT_NAME = "$(TARGET_NAME)";
				SWIFT_OBJC_BRIDGING_HEADER = "Momentify/Momentify-Bridging-Header.h";
				SWIFT_OPTIMIZATION_LEVEL = "-Onone";
				SWIFT_VERSION = 4.0;
				TARGETED_DEVICE_FAMILY = "1,2";
			};
			name = Debug;
		};
		C07772F32073016E00EA6759 /* Release */ = {
			isa = XCBuildConfiguration;
			baseConfigurationReference = 253E0D3793C9A9C0BCB58947 /* Pods-Momentify.release.xcconfig */;
			buildSettings = {
				ASSETCATALOG_COMPILER_APPICON_NAME = AppIcon;
				CLANG_ENABLE_MODULES = YES;
				CODE_SIGN_STYLE = Automatic;
				DEVELOPMENT_TEAM = YP7LSL63WS;
				FRAMEWORK_SEARCH_PATHS = (
					"$(inherited)",
					"$(PROJECT_DIR)",
				);
				INFOPLIST_FILE = "$(SRCROOT)/Supporting Files/Info.plist";
				LD_RUNPATH_SEARCH_PATHS = "$(inherited) @executable_path/Frameworks";
				PRODUCT_BUNDLE_IDENTIFIER = com.labrecque.Momentify;
				PRODUCT_NAME = "$(TARGET_NAME)";
				SWIFT_OBJC_BRIDGING_HEADER = "Momentify/Momentify-Bridging-Header.h";
				SWIFT_VERSION = 4.0;
				TARGETED_DEVICE_FAMILY = "1,2";
			};
			name = Release;
		};
/* End XCBuildConfiguration section */

/* Begin XCConfigurationList section */
		C07772D72073016E00EA6759 /* Build configuration list for PBXProject "Momentify" */ = {
			isa = XCConfigurationList;
			buildConfigurations = (
				C07772EF2073016E00EA6759 /* Debug */,
				C07772F02073016E00EA6759 /* Release */,
			);
			defaultConfigurationIsVisible = 0;
			defaultConfigurationName = Release;
		};
		C07772F12073016E00EA6759 /* Build configuration list for PBXNativeTarget "Momentify" */ = {
			isa = XCConfigurationList;
			buildConfigurations = (
				C07772F22073016E00EA6759 /* Debug */,
				C07772F32073016E00EA6759 /* Release */,
			);
			defaultConfigurationIsVisible = 0;
			defaultConfigurationName = Release;
		};
/* End XCConfigurationList section */

/* Begin XCVersionGroup section */
		C07772E62073016E00EA6759 /* Momentify.xcdatamodeld */ = {
			isa = XCVersionGroup;
			children = (
				C07772E72073016E00EA6759 /* Momentify.xcdatamodel */,
			);
			currentVersion = C07772E72073016E00EA6759 /* Momentify.xcdatamodel */;
			path = Momentify.xcdatamodeld;
			sourceTree = "<group>";
			versionGroupType = wrapper.xcdatamodel;
		};
/* End XCVersionGroup section */
	};
	rootObject = C07772D42073016E00EA6759 /* Project object */;
}
